
Microsoft Visual Studio Solution File, Format Version 12.00
# Visual Studio Version 17
VisualStudioVersion = 17.7.34031.279
MinimumVisualStudioVersion = 10.0.40219.1
Project("{FAE04EC0-301F-11D3-BF4B-00C04F79EFBC}") = "Btracker-NET", "Btracker-NET.csproj", "{9C0CA8FD-7DF5-4BD2-A2E1-E2885E9DAA33}"
EndProject
Global
	GlobalSection(SolutionConfigurationPlatforms) = preSolution
		Debug|Any CPU = Debug|Any CPU
		Release|Any CPU = Release|Any CPU
	EndGlobalSection
	GlobalSection(ProjectConfigurationPlatforms) = postSolution
		{9C0CA8FD-7DF5-4BD2-A2E1-E2885E9DAA33}.Debug|Any CPU.ActiveCfg = Debug|Any CPU
		{9C0CA8FD-7DF5-4BD2-A2E1-E2885E9DAA33}.Debug|Any CPU.Build.0 = Debug|Any CPU
		{9C0CA8FD-7DF5-4BD2-A2E1-E2885E9DAA33}.Release|Any CPU.ActiveCfg = Release|Any CPU
		{9C0CA8FD-7DF5-4BD2-A2E1-E2885E9DAA33}.Release|Any CPU.Build.0 = Release|Any CPU
	EndGlobalSection
	GlobalSection(SolutionProperties) = preSolution
		HideSolutionNode = FALSE
	EndGlobalSection
	GlobalSection(ExtensibilityGlobals) = postSolution
		SolutionGuid = {B28E2FF6-3E8C-4475-9CA7-02050516EDF4}
	EndGlobalSection
EndGlobal
